// !$*UTF8*$!
{
	archiveVersion = 1;
	classes = {
	};
	objectVersion = 46;
	objects = {

/* Begin PBXBuildFile section */
		8C4356511EE7B91B00C156CF /* ViewController2.m in Sources */ = {isa = PBXBuildFile; fileRef = 8C43564F1EE7B91B00C156CF /* ViewController2.m */; };
		8C4356521EE7B91B00C156CF /* ViewController2.xib in Resources */ = {isa = PBXBuildFile; fileRef = 8C4356501EE7B91B00C156CF /* ViewController2.xib */; };
		8C4356561EE7DC2B00C156CF /* AnimationTableViewCell.m in Sources */ = {isa = PBXBuildFile; fileRef = 8C4356541EE7DC2B00C156CF /* AnimationTableViewCell.m */; };
		8C4356571EE7DC2B00C156CF /* AnimationTableViewCell.xib in Resources */ = {isa = PBXBuildFile; fileRef = 8C4356551EE7DC2B00C156CF /* AnimationTableViewCell.xib */; };
		8C4356591EE7DCAB00C156CF /* 222@2x.jpg in Resources */ = {isa = PBXBuildFile; fileRef = 8C4356581EE7DCAB00C156CF /* 222@2x.jpg */; };
		8C43565C1EE7E94700C156CF /* BaseViewController.m in Sources */ = {isa = PBXBuildFile; fileRef = 8C43565B1EE7E94700C156CF /* BaseViewController.m */; };
		8CB07F1E1EE68C07005A430E /* main.m in Sources */ = {isa = PBXBuildFile; fileRef = 8CB07F1D1EE68C07005A430E /* main.m */; };
		8CB07F211EE68C07005A430E /* AppDelegate.m in Sources */ = {isa = PBXBuildFile; fileRef = 8CB07F201EE68C07005A430E /* AppDelegate.m */; };
		8CB07F241EE68C07005A430E /* ViewController.m in Sources */ = {isa = PBXBuildFile; fileRef = 8CB07F231EE68C07005A430E /* ViewController.m */; };
		8CB07F271EE68C07005A430E /* Main.storyboard in Resources */ = {isa = PBXBuildFile; fileRef = 8CB07F251EE68C07005A430E /* Main.storyboard */; };
		8CB07F291EE68C07005A430E /* Assets.xcassets in Resources */ = {isa = PBXBuildFile; fileRef = 8CB07F281EE68C07005A430E /* Assets.xcassets */; };
		8CB07F2C1EE68C07005A430E /* LaunchScreen.storyboard in Resources */ = {isa = PBXBuildFile; fileRef = 8CB07F2A1EE68C07005A430E /* LaunchScreen.storyboard */; };
		8CB07F371EE68C07005A430E /* NAVAnimationTests.m in Sources */ = {isa = PBXBuildFile; fileRef = 8CB07F361EE68C07005A430E /* NAVAnimationTests.m */; };
		8CB07F421EE68C07005A430E /* NAVAnimationUITests.m in Sources */ = {isa = PBXBuildFile; fileRef = 8CB07F411EE68C07005A430E /* NAVAnimationUITests.m */; };
		8CB07F511EE69FF4005A430E /* DDAnimationObject.m in Sources */ = {isa = PBXBuildFile; fileRef = 8CB07F501EE69FF4005A430E /* DDAnimationObject.m */; };
		8CB35E1E1EE7F3F0004C9F1B /* TopTableViewCell.m in Sources */ = {isa = PBXBuildFile; fileRef = 8CB35E1C1EE7F3F0004C9F1B /* TopTableViewCell.m */; };
		8CB35E1F1EE7F3F0004C9F1B /* TopTableViewCell.xib in Resources */ = {isa = PBXBuildFile; fileRef = 8CB35E1D1EE7F3F0004C9F1B /* TopTableViewCell.xib */; };
		8CB35E251EE80360004C9F1B /* 未命名.gif in Resources */ = {isa = PBXBuildFile; fileRef = 8CB35E241EE80360004C9F1B /* 未命名.gif */; };
/* End PBXBuildFile section */

/* Begin PBXContainerItemProxy section */
		8CB07F331EE68C07005A430E /* PBXContainerItemProxy */ = {
			isa = PBXContainerItemProxy;
			containerPortal = 8CB07F111EE68C07005A430E /* Project object */;
			proxyType = 1;
			remoteGlobalIDString = 8CB07F181EE68C07005A430E;
			remoteInfo = NAVAnimation;
		};
		8CB07F3E1EE68C07005A430E /* PBXContainerItemProxy */ = {
			isa = PBXContainerItemProxy;
			containerPortal = 8CB07F111EE68C07005A430E /* Project object */;
			proxyType = 1;
			remoteGlobalIDString = 8CB07F181EE68C07005A430E;
			remoteInfo = NAVAnimation;
		};
/* End PBXContainerItemProxy section */

/* Begin PBXFileReference section */
		8C43564E1EE7B91B00C156CF /* ViewController2.h */ = {isa = PBXFileReference; fileEncoding = 4; lastKnownFileType = sourcecode.c.h; path = ViewController2.h; sourceTree = "<group>"; };
		8C43564F1EE7B91B00C156CF /* ViewController2.m */ = {isa = PBXFileReference; fileEncoding = 4; lastKnownFileType = sourcecode.c.objc; path = ViewController2.m; sourceTree = "<group>"; };
		8C4356501EE7B91B00C156CF /* ViewController2.xib */ = {isa = PBXFileReference; fileEncoding = 4; lastKnownFileType = file.xib; path = ViewController2.xib; sourceTree = "<group>"; };
		8C4356531EE7DC2B00C156CF /* AnimationTableViewCell.h */ = {isa = PBXFileReference; fileEncoding = 4; lastKnownFileType = sourcecode.c.h; path = AnimationTableViewCell.h; sourceTree = "<group>"; };
		8C4356541EE7DC2B00C156CF /* AnimationTableViewCell.m */ = {isa = PBXFileReference; fileEncoding = 4; lastKnownFileType = sourcecode.c.objc; path = AnimationTableViewCell.m; sourceTree = "<group>"; };
		8C4356551EE7DC2B00C156CF /* AnimationTableViewCell.xib */ = {isa = PBXFileReference; fileEncoding = 4; lastKnownFileType = file.xib; path = AnimationTableViewCell.xib; sourceTree = "<group>"; };
		8C4356581EE7DCAB00C156CF /* 222@2x.jpg */ = {isa = PBXFileReference; lastKnownFileType = image.jpeg; path = "222@2x.jpg"; sourceTree = "<group>"; };
		8C43565A1EE7E94700C156CF /* BaseViewController.h */ = {isa = PBXFileReference; fileEncoding = 4; lastKnownFileType = sourcecode.c.h; path = BaseViewController.h; sourceTree = "<group>"; };
		8C43565B1EE7E94700C156CF /* BaseViewController.m */ = {isa = PBXFileReference; fileEncoding = 4; lastKnownFileType = sourcecode.c.objc; path = BaseViewController.m; sourceTree = "<group>"; };
		8CB07F191EE68C07005A430E /* NAVAnimation.app */ = {isa = PBXFileReference; explicitFileType = wrapper.application; includeInIndex = 0; path = NAVAnimation.app; sourceTree = BUILT_PRODUCTS_DIR; };
		8CB07F1D1EE68C07005A430E /* main.m */ = {isa = PBXFileReference; lastKnownFileType = sourcecode.c.objc; path = main.m; sourceTree = "<group>"; };
		8CB07F1F1EE68C07005A430E /* AppDelegate.h */ = {isa = PBXFileReference; lastKnownFileType = sourcecode.c.h; path = AppDelegate.h; sourceTree = "<group>"; };
		8CB07F201EE68C07005A430E /* AppDelegate.m */ = {isa = PBXFileReference; lastKnownFileType = sourcecode.c.objc; path = AppDelegate.m; sourceTree = "<group>"; };
		8CB07F221EE68C07005A430E /* ViewController.h */ = {isa = PBXFileReference; lastKnownFileType = sourcecode.c.h; path = ViewController.h; sourceTree = "<group>"; };
		8CB07F231EE68C07005A430E /* ViewController.m */ = {isa = PBXFileReference; lastKnownFileType = sourcecode.c.objc; path = ViewController.m; sourceTree = "<group>"; };
		8CB07F261EE68C07005A430E /* Base */ = {isa = PBXFileReference; lastKnownFileType = file.storyboard; name = Base; path = Base.lproj/Main.storyboard; sourceTree = "<group>"; };
		8CB07F281EE68C07005A430E /* Assets.xcassets */ = {isa = PBXFileReference; lastKnownFileType = folder.assetcatalog; path = Assets.xcassets; sourceTree = "<group>"; };
		8CB07F2B1EE68C07005A430E /* Base */ = {isa = PBXFileReference; lastKnownFileType = file.storyboard; name = Base; path = Base.lproj/LaunchScreen.storyboard; sourceTree = "<group>"; };
		8CB07F2D1EE68C07005A430E /* Info.plist */ = {isa = PBXFileReference; lastKnownFileType = text.plist.xml; path = Info.plist; sourceTree = "<group>"; };
		8CB07F321EE68C07005A430E /* NAVAnimationTests.xctest */ = {isa = PBXFileReference; explicitFileType = wrapper.cfbundle; includeInIndex = 0; path = NAVAnimationTests.xctest; sourceTree = BUILT_PRODUCTS_DIR; };
		8CB07F361EE68C07005A430E /* NAVAnimationTests.m */ = {isa = PBXFileReference; lastKnownFileType = sourcecode.c.objc; path = NAVAnimationTests.m; sourceTree = "<group>"; };
		8CB07F381EE68C07005A430E /* Info.plist */ = {isa = PBXFileReference; lastKnownFileType = text.plist.xml; path = Info.plist; sourceTree = "<group>"; };
		8CB07F3D1EE68C07005A430E /* NAVAnimationUITests.xctest */ = {isa = PBXFileReference; explicitFileType = wrapper.cfbundle; includeInIndex = 0; path = NAVAnimationUITests.xctest; sourceTree = BUILT_PRODUCTS_DIR; };
		8CB07F411EE68C07005A430E /* NAVAnimationUITests.m */ = {isa = PBXFileReference; lastKnownFileType = sourcecode.c.objc; path = NAVAnimationUITests.m; sourceTree = "<group>"; };
		8CB07F431EE68C07005A430E /* Info.plist */ = {isa = PBXFileReference; lastKnownFileType = text.plist.xml; path = Info.plist; sourceTree = "<group>"; };
		8CB07F4F1EE69FF4005A430E /* DDAnimationObject.h */ = {isa = PBXFileReference; fileEncoding = 4; lastKnownFileType = sourcecode.c.h; name = DDAnimationObject.h; path = animationFile/DDAnimationObject.h; sourceTree = "<group>"; };
		8CB07F501EE69FF4005A430E /* DDAnimationObject.m */ = {isa = PBXFileReference; fileEncoding = 4; lastKnownFileType = sourcecode.c.objc; name = DDAnimationObject.m; path = animationFile/DDAnimationObject.m; sourceTree = "<group>"; };
		8CB35E1B1EE7F3F0004C9F1B /* TopTableViewCell.h */ = {isa = PBXFileReference; fileEncoding = 4; lastKnownFileType = sourcecode.c.h; path = TopTableViewCell.h; sourceTree = "<group>"; };
		8CB35E1C1EE7F3F0004C9F1B /* TopTableViewCell.m */ = {isa = PBXFileReference; fileEncoding = 4; lastKnownFileType = sourcecode.c.objc; path = TopTableViewCell.m; sourceTree = "<group>"; };
		8CB35E1D1EE7F3F0004C9F1B /* TopTableViewCell.xib */ = {isa = PBXFileReference; fileEncoding = 4; lastKnownFileType = file.xib; path = TopTableViewCell.xib; sourceTree = "<group>"; };
		8CB35E241EE80360004C9F1B /* 未命名.gif */ = {isa = PBXFileReference; lastKnownFileType = image.gif; path = "未命名.gif"; sourceTree = "<group>"; };
/* End PBXFileReference section */

/* Begin PBXFrameworksBuildPhase section */
		8CB07F161EE68C07005A430E /* Frameworks */ = {
			isa = PBXFrameworksBuildPhase;
			buildActionMask = 2147483647;
			files = (
			);
			runOnlyForDeploymentPostprocessing = 0;
		};
		8CB07F2F1EE68C07005A430E /* Frameworks */ = {
			isa = PBXFrameworksBuildPhase;
			buildActionMask = 2147483647;
			files = (
			);
			runOnlyForDeploymentPostprocessing = 0;
		};
		8CB07F3A1EE68C07005A430E /* Frameworks */ = {
			isa = PBXFrameworksBuildPhase;
			buildActionMask = 2147483647;
			files = (
			);
			runOnlyForDeploymentPostprocessing = 0;
		};
/* End PBXFrameworksBuildPhase section */

/* Begin PBXGroup section */
		8CB07F101EE68C07005A430E = {
			isa = PBXGroup;
			children = (
				8CB07F1B1EE68C07005A430E /* NAVAnimation */,
				8CB07F351EE68C07005A430E /* NAVAnimationTests */,
				8CB07F401EE68C07005A430E /* NAVAnimationUITests */,
				8CB07F1A1EE68C07005A430E /* Products */,
			);
			sourceTree = "<group>";
		};
		8CB07F1A1EE68C07005A430E /* Products */ = {
			isa = PBXGroup;
			children = (
				8CB07F191EE68C07005A430E /* NAVAnimation.app */,
				8CB07F321EE68C07005A430E /* NAVAnimationTests.xctest */,
				8CB07F3D1EE68C07005A430E /* NAVAnimationUITests.xctest */,
			);
			name = Products;
			sourceTree = "<group>";
		};
		8CB07F1B1EE68C07005A430E /* NAVAnimation */ = {
			isa = PBXGroup;
			children = (
				8CB35E1A1EE7F3D8004C9F1B /* cell */,
				8CB07F1F1EE68C07005A430E /* AppDelegate.h */,
				8CB07F201EE68C07005A430E /* AppDelegate.m */,
				8CB07F221EE68C07005A430E /* ViewController.h */,
				8CB07F231EE68C07005A430E /* ViewController.m */,
				8C43564E1EE7B91B00C156CF /* ViewController2.h */,
				8C43564F1EE7B91B00C156CF /* ViewController2.m */,
				8C4356501EE7B91B00C156CF /* ViewController2.xib */,
				8CB07F251EE68C07005A430E /* Main.storyboard */,
				8C4356581EE7DCAB00C156CF /* 222@2x.jpg */,
				8CB35E241EE80360004C9F1B /* 未命名.gif */,
				8CB07F281EE68C07005A430E /* Assets.xcassets */,
				8CB07F2A1EE68C07005A430E /* LaunchScreen.storyboard */,
				8CB07F2D1EE68C07005A430E /* Info.plist */,
				8CB07F1C1EE68C07005A430E /* Supporting Files */,
				8CB07F4F1EE69FF4005A430E /* DDAnimationObject.h */,
				8CB07F501EE69FF4005A430E /* DDAnimationObject.m */,
				8C43565A1EE7E94700C156CF /* BaseViewController.h */,
				8C43565B1EE7E94700C156CF /* BaseViewController.m */,
			);
			path = NAVAnimation;
			sourceTree = "<group>";
		};
		8CB07F1C1EE68C07005A430E /* Supporting Files */ = {
			isa = PBXGroup;
			children = (
				8CB07F1D1EE68C07005A430E /* main.m */,
			);
			name = "Supporting Files";
			sourceTree = "<group>";
		};
		8CB07F351EE68C07005A430E /* NAVAnimationTests */ = {
			isa = PBXGroup;
			children = (
				8CB07F361EE68C07005A430E /* NAVAnimationTests.m */,
				8CB07F381EE68C07005A430E /* Info.plist */,
			);
			path = NAVAnimationTests;
			sourceTree = "<group>";
		};
		8CB07F401EE68C07005A430E /* NAVAnimationUITests */ = {
			isa = PBXGroup;
			children = (
				8CB07F411EE68C07005A430E /* NAVAnimationUITests.m */,
				8CB07F431EE68C07005A430E /* Info.plist */,
			);
			path = NAVAnimationUITests;
			sourceTree = "<group>";
		};
		8CB35E1A1EE7F3D8004C9F1B /* cell */ = {
			isa = PBXGroup;
			children = (
				8CB35E1B1EE7F3F0004C9F1B /* TopTableViewCell.h */,
				8CB35E1C1EE7F3F0004C9F1B /* TopTableViewCell.m */,
				8CB35E1D1EE7F3F0004C9F1B /* TopTableViewCell.xib */,
				8C4356531EE7DC2B00C156CF /* AnimationTableViewCell.h */,
				8C4356541EE7DC2B00C156CF /* AnimationTableViewCell.m */,
				8C4356551EE7DC2B00C156CF /* AnimationTableViewCell.xib */,
			);
			name = cell;
			sourceTree = "<group>";
		};
/* End PBXGroup section */

/* Begin PBXNativeTarget section */
		8CB07F181EE68C07005A430E /* NAVAnimation */ = {
			isa = PBXNativeTarget;
			buildConfigurationList = 8CB07F461EE68C07005A430E /* Build configuration list for PBXNativeTarget "NAVAnimation" */;
			buildPhases = (
				8CB07F151EE68C07005A430E /* Sources */,
				8CB07F161EE68C07005A430E /* Frameworks */,
				8CB07F171EE68C07005A430E /* Resources */,
			);
			buildRules = (
			);
			dependencies = (
			);
			name = NAVAnimation;
			productName = NAVAnimation;
			productReference = 8CB07F191EE68C07005A430E /* NAVAnimation.app */;
			productType = "com.apple.product-type.application";
		};
		8CB07F311EE68C07005A430E /* NAVAnimationTests */ = {
			isa = PBXNativeTarget;
			buildConfigurationList = 8CB07F491EE68C07005A430E /* Build configuration list for PBXNativeTarget "NAVAnimationTests" */;
			buildPhases = (
				8CB07F2E1EE68C07005A430E /* Sources */,
				8CB07F2F1EE68C07005A430E /* Frameworks */,
				8CB07F301EE68C07005A430E /* Resources */,
			);
			buildRules = (
			);
			dependencies = (
				8CB07F341EE68C07005A430E /* PBXTargetDependency */,
			);
			name = NAVAnimationTests;
			productName = NAVAnimationTests;
			productReference = 8CB07F321EE68C07005A430E /* NAVAnimationTests.xctest */;
			productType = "com.apple.product-type.bundle.unit-test";
		};
		8CB07F3C1EE68C07005A430E /* NAVAnimationUITests */ = {
			isa = PBXNativeTarget;
			buildConfigurationList = 8CB07F4C1EE68C07005A430E /* Build configuration list for PBXNativeTarget "NAVAnimationUITests" */;
			buildPhases = (
				8CB07F391EE68C07005A430E /* Sources */,
				8CB07F3A1EE68C07005A430E /* Frameworks */,
				8CB07F3B1EE68C07005A430E /* Resources */,
			);
			buildRules = (
			);
			dependencies = (
				8CB07F3F1EE68C07005A430E /* PBXTargetDependency */,
			);
			name = NAVAnimationUITests;
			productName = NAVAnimationUITests;
			productReference = 8CB07F3D1EE68C07005A430E /* NAVAnimationUITests.xctest */;
			productType = "com.apple.product-type.bundle.ui-testing";
		};
/* End PBXNativeTarget section */

/* Begin PBXProject section */
		8CB07F111EE68C07005A430E /* Project object */ = {
			isa = PBXProject;
			attributes = {
				LastUpgradeCheck = 0830;
				ORGANIZATIONNAME = "邓松";
				TargetAttributes = {
					8CB07F181EE68C07005A430E = {
						CreatedOnToolsVersion = 8.3.3;
						DevelopmentTeam = 5E953P4A7F;
						ProvisioningStyle = Automatic;
					};
					8CB07F311EE68C07005A430E = {
						CreatedOnToolsVersion = 8.3.3;
						DevelopmentTeam = 5E953P4A7F;
						ProvisioningStyle = Automatic;
						TestTargetID = 8CB07F181EE68C07005A430E;
					};
					8CB07F3C1EE68C07005A430E = {
						CreatedOnToolsVersion = 8.3.3;
						DevelopmentTeam = 5E953P4A7F;
						ProvisioningStyle = Automatic;
						TestTargetID = 8CB07F181EE68C07005A430E;
					};
				};
			};
			buildConfigurationList = 8CB07F141EE68C07005A430E /* Build configuration list for PBXProject "NAVAnimation" */;
			compatibilityVersion = "Xcode 3.2";
			developmentRegion = English;
			hasScannedForEncodings = 0;
			knownRegions = (
				en,
				Base,
			);
			mainGroup = 8CB07F101EE68C07005A430E;
			productRefGroup = 8CB07F1A1EE68C07005A430E /* Products */;
			projectDirPath = "";
			projectRoot = "";
			targets = (
				8CB07F181EE68C07005A430E /* NAVAnimation */,
				8CB07F311EE68C07005A430E /* NAVAnimationTests */,
				8CB07F3C1EE68C07005A430E /* NAVAnimationUITests */,
			);
		};
/* End PBXProject section */

/* Begin PBXResourcesBuildPhase section */
		8CB07F171EE68C07005A430E /* Resources */ = {
			isa = PBXResourcesBuildPhase;
			buildActionMask = 2147483647;
			files = (
				8CB35E1F1EE7F3F0004C9F1B /* TopTableViewCell.xib in Resources */,
				8CB07F2C1EE68C07005A430E /* LaunchScreen.storyboard in Resources */,
				8C4356591EE7DCAB00C156CF /* 222@2x.jpg in Resources */,
				8C4356521EE7B91B00C156CF /* ViewController2.xib in Resources */,
				8CB07F291EE68C07005A430E /* Assets.xcassets in Resources */,
				8CB07F271EE68C07005A430E /* Main.storyboard in Resources */,
				8C4356571EE7DC2B00C156CF /* AnimationTableViewCell.xib in Resources */,
				8CB35E251EE80360004C9F1B /* 未命名.gif in Resources */,
			);
			runOnlyForDeploymentPostprocessing = 0;
		};
		8CB07F301EE68C07005A430E /* Resources */ = {
			isa = PBXResourcesBuildPhase;
			buildActionMask = 2147483647;
			files = (
			);
			runOnlyForDeploymentPostprocessing = 0;
		};
		8CB07F3B1EE68C07005A430E /* Resources */ = {
			isa = PBXResourcesBuildPhase;
			buildActionMask = 2147483647;
			files = (
			);
			runOnlyForDeploymentPostprocessing = 0;
		};
/* End PBXResourcesBuildPhase section */

/* Begin PBXSourcesBuildPhase section */
		8CB07F151EE68C07005A430E /* Sources */ = {
			isa = PBXSourcesBuildPhase;
			buildActionMask = 2147483647;
			files = (
				8CB07F241EE68C07005A430E /* ViewController.m in Sources */,
				8CB07F511EE69FF4005A430E /* DDAnimationObject.m in Sources */,
				8CB07F211EE68C07005A430E /* AppDelegate.m in Sources */,
				8CB35E1E1EE7F3F0004C9F1B /* TopTableViewCell.m in Sources */,
				8CB07F1E1EE68C07005A430E /* main.m in Sources */,
				8C4356561EE7DC2B00C156CF /* AnimationTableViewCell.m in Sources */,
				8C43565C1EE7E94700C156CF /* BaseViewController.m in Sources */,
				8C4356511EE7B91B00C156CF /* ViewController2.m in Sources */,
			);
			runOnlyForDeploymentPostprocessing = 0;
		};
		8CB07F2E1EE68C07005A430E /* Sources */ = {
			isa = PBXSourcesBuildPhase;
			buildActionMask = 2147483647;
			files = (
				8CB07F371EE68C07005A430E /* NAVAnimationTests.m in Sources */,
			);
			runOnlyForDeploymentPostprocessing = 0;
		};
		8CB07F391EE68C07005A430E /* Sources */ = {
			isa = PBXSourcesBuildPhase;
			buildActionMask = 2147483647;
			files = (
				8CB07F421EE68C07005A430E /* NAVAnimationUITests.m in Sources */,
			);
			runOnlyForDeploymentPostprocessing = 0;
		};
/* End PBXSourcesBuildPhase section */

/* Begin PBXTargetDependency section */
		8CB07F341EE68C07005A430E /* PBXTargetDependency */ = {
			isa = PBXTargetDependency;
			target = 8CB07F181EE68C07005A430E /* NAVAnimation */;
			targetProxy = 8CB07F331EE68C07005A430E /* PBXContainerItemProxy */;
		};
		8CB07F3F1EE68C07005A430E /* PBXTargetDependency */ = {
			isa = PBXTargetDependency;
			target = 8CB07F181EE68C07005A430E /* NAVAnimation */;
			targetProxy = 8CB07F3E1EE68C07005A430E /* PBXContainerItemProxy */;
		};
/* End PBXTargetDependency section */

/* Begin PBXVariantGroup section */
		8CB07F251EE68C07005A430E /* Main.storyboard */ = {
			isa = PBXVariantGroup;
			children = (
				8CB07F261EE68C07005A430E /* Base */,
			);
			name = Main.storyboard;
			sourceTree = "<group>";
		};
		8CB07F2A1EE68C07005A430E /* LaunchScreen.storyboard */ = {
			isa = PBXVariantGroup;
			children = (
				8CB07F2B1EE68C07005A430E /* Base */,
			);
			name = LaunchScreen.storyboard;
			sourceTree = "<group>";
		};
/* End PBXVariantGroup section */

/* Begin XCBuildConfiguration section */
		8CB07F441EE68C07005A430E /* Debug */ = {
			isa = XCBuildConfiguration;
			buildSettings = {
				ALWAYS_SEARCH_USER_PATHS = NO;
				CLANG_ANALYZER_NONNULL = YES;
				CLANG_ANALYZER_NUMBER_OBJECT_CONVERSION = YES_AGGRESSIVE;
				CLANG_CXX_LANGUAGE_STANDARD = "gnu++0x";
				CLANG_CXX_LIBRARY = "libc++";
				CLANG_ENABLE_MODULES = YES;
				CLANG_ENABLE_OBJC_ARC = YES;
				CLANG_WARN_BOOL_CONVERSION = YES;
				CLANG_WARN_CONSTANT_CONVERSION = YES;
				CLANG_WARN_DIRECT_OBJC_ISA_USAGE = YES_ERROR;
				CLANG_WARN_DOCUMENTATION_COMMENTS = YES;
				CLANG_WARN_EMPTY_BODY = YES;
				CLANG_WARN_ENUM_CONVERSION = YES;
				CLANG_WARN_INFINITE_RECURSION = YES;
				CLANG_WARN_INT_CONVERSION = YES;
				CLANG_WARN_OBJC_ROOT_CLASS = YES_ERROR;
				CLANG_WARN_SUSPICIOUS_MOVE = YES;
				CLANG_WARN_UNREACHABLE_CODE = YES;
				CLANG_WARN__DUPLICATE_METHOD_MATCH = YES;
				"CODE_SIGN_IDENTITY[sdk=iphoneos*]" = "iPhone Developer";
				COPY_PHASE_STRIP = NO;
				DEBUG_INFORMATION_FORMAT = dwarf;
				ENABLE_STRICT_OBJC_MSGSEND = YES;
				ENABLE_TESTABILITY = YES;
				GCC_C_LANGUAGE_STANDARD = gnu99;
				GCC_DYNAMIC_NO_PIC = NO;
				GCC_NO_COMMON_BLOCKS = YES;
				GCC_OPTIMIZATION_LEVEL = 0;
				GCC_PREPROCESSOR_DEFINITIONS = (
					"DEBUG=1",
					"$(inherited)",
				);
				GCC_WARN_64_TO_32_BIT_CONVERSION = YES;
				GCC_WARN_ABOUT_RETURN_TYPE = YES_ERROR;
				GCC_WARN_UNDECLARED_SELECTOR = YES;
				GCC_WARN_UNINITIALIZED_AUTOS = YES_AGGRESSIVE;
				GCC_WARN_UNUSED_FUNCTION = YES;
				GCC_WARN_UNUSED_VARIABLE = YES;
				IPHONEOS_DEPLOYMENT_TARGET = 10.3;
				MTL_ENABLE_DEBUG_INFO = YES;
				ONLY_ACTIVE_ARCH = YES;
				SDKROOT = iphoneos;
				TARGETED_DEVICE_FAMILY = "1,2";
			};
			name = Debug;
		};
		8CB07F451EE68C07005A430E /* Release */ = {
			isa = XCBuildConfiguration;
			buildSettings = {
				ALWAYS_SEARCH_USER_PATHS = NO;
				CLANG_ANALYZER_NONNULL = YES;
				CLANG_ANALYZER_NUMBER_OBJECT_CONVERSION = YES_AGGRESSIVE;
				CLANG_CXX_LANGUAGE_STANDARD = "gnu++0x";
				CLANG_CXX_LIBRARY = "libc++";
				CLANG_ENABLE_MODULES = YES;
				CLANG_ENABLE_OBJC_ARC = YES;
				CLANG_WARN_BOOL_CONVERSION = YES;
				CLANG_WARN_CONSTANT_CONVERSION = YES;
				CLANG_WARN_DIRECT_OBJC_ISA_USAGE = YES_ERROR;
				CLANG_WARN_DOCUMENTATION_COMMENTS = YES;
				CLANG_WARN_EMPTY_BODY = YES;
				CLANG_WARN_ENUM_CONVERSION = YES;
				CLANG_WARN_INFINITE_RECURSION = YES;
				CLANG_WARN_INT_CONVERSION = YES;
				CLANG_WARN_OBJC_ROOT_CLASS = YES_ERROR;
				CLANG_WARN_SUSPICIOUS_MOVE = YES;
				CLANG_WARN_UNREACHABLE_CODE = YES;
				CLANG_WARN__DUPLICATE_METHOD_MATCH = YES;
				"CODE_SIGN_IDENTITY[sdk=iphoneos*]" = "iPhone Developer";
				COPY_PHASE_STRIP = NO;
				DEBUG_INFORMATION_FORMAT = "dwarf-with-dsym";
				ENABLE_NS_ASSERTIONS = NO;
				ENABLE_STRICT_OBJC_MSGSEND = YES;
				GCC_C_LANGUAGE_STANDARD = gnu99;
				GCC_NO_COMMON_BLOCKS = YES;
				GCC_WARN_64_TO_32_BIT_CONVERSION = YES;
				GCC_WARN_ABOUT_RETURN_TYPE = YES_ERROR;
				GCC_WARN_UNDECLARED_SELECTOR = YES;
				GCC_WARN_UNINITIALIZED_AUTOS = YES_AGGRESSIVE;
				GCC_WARN_UNUSED_FUNCTION = YES;
				GCC_WARN_UNUSED_VARIABLE = YES;
				IPHONEOS_DEPLOYMENT_TARGET = 10.3;
				MTL_ENABLE_DEBUG_INFO = NO;
				SDKROOT = iphoneos;
				TARGETED_DEVICE_FAMILY = "1,2";
				VALIDATE_PRODUCT = YES;
			};
			name = Release;
		};
		8CB07F471EE68C07005A430E /* Debug */ = {
			isa = XCBuildConfiguration;
			buildSettings = {
				ASSETCATALOG_COMPILER_APPICON_NAME = AppIcon;
				DEVELOPMENT_TEAM = 5E953P4A7F;
				INFOPLIST_FILE = NAVAnimation/Info.plist;
				IPHONEOS_DEPLOYMENT_TARGET = 8.0;
				LD_RUNPATH_SEARCH_PATHS = "$(inherited) @executable_path/Frameworks";
				PRODUCT_BUNDLE_IDENTIFIER = ChongQingWuYeCao.NAVAnimation;
				PRODUCT_NAME = "$(TARGET_NAME)";
			};
			name = Debug;
		};
		8CB07F481EE68C07005A430E /* Release */ = {
			isa = XCBuildConfiguration;
			buildSettings = {
				ASSETCATALOG_COMPILER_APPICON_NAME = AppIcon;
				DEVELOPMENT_TEAM = 5E953P4A7F;
				INFOPLIST_FILE = NAVAnimation/Info.plist;
				IPHONEOS_DEPLOYMENT_TARGET = 8.0;
				LD_RUNPATH_SEARCH_PATHS = "$(inherited) @executable_path/Frameworks";
				PRODUCT_BUNDLE_IDENTIFIER = ChongQingWuYeCao.NAVAnimation;
				PRODUCT_NAME = "$(TARGET_NAME)";
			};
			name = Release;
		};
		8CB07F4A1EE68C07005A430E /* Debug */ = {
			isa = XCBuildConfiguration;
			buildSettings = {
				BUNDLE_LOADER = "$(TEST_HOST)";
				DEVELOPMENT_TEAM = 5E953P4A7F;
				INFOPLIST_FILE = NAVAnimationTests/Info.plist;
				LD_RUNPATH_SEARCH_PATHS = "$(inherited) @executable_path/Frameworks @loader_path/Frameworks";
				PRODUCT_BUNDLE_IDENTIFIER = ChongQingWuYeCao.NAVAnimationTests;
				PRODUCT_NAME = "$(TARGET_NAME)";
				TEST_HOST = "$(BUILT_PRODUCTS_DIR)/NAVAnimation.app/NAVAnimation";
			};
			name = Debug;
		};
		8CB07F4B1EE68C07005A430E /* Release */ = {
			isa = XCBuildConfiguration;
			buildSettings = {
				BUNDLE_LOADER = "$(TEST_HOST)";
				DEVELOPMENT_TEAM = 5E953P4A7F;
				INFOPLIST_FILE = NAVAnimationTests/Info.plist;
				LD_RUNPATH_SEARCH_PATHS = "$(inherited) @executable_path/Frameworks @loader_path/Frameworks";
				PRODUCT_BUNDLE_IDENTIFIER = ChongQingWuYeCao.NAVAnimationTests;
				PRODUCT_NAME = "$(TARGET_NAME)";
				TEST_HOST = "$(BUILT_PRODUCTS_DIR)/NAVAnimation.app/NAVAnimation";
			};
			name = Release;
		};
		8CB07F4D1EE68C07005A430E /* Debug */ = {
			isa = XCBuildConfiguration;
			buildSettings = {
				DEVELOPMENT_TEAM = 5E953P4A7F;
				INFOPLIST_FILE = NAVAnimationUITests/Info.plist;
				LD_RUNPATH_SEARCH_PATHS = "$(inherited) @executable_path/Frameworks @loader_path/Frameworks";
				PRODUCT_BUNDLE_IDENTIFIER = ChongQingWuYeCao.NAVAnimationUITests;
				PRODUCT_NAME = "$(TARGET_NAME)";
				TEST_TARGET_NAME = NAVAnimation;
			};
			name = Debug;
		};
		8CB07F4E1EE68C07005A430E /* Release */ = {
			isa = XCBuildConfiguration;
			buildSettings = {
				DEVELOPMENT_TEAM = 5E953P4A7F;
				INFOPLIST_FILE = NAVAnimationUITests/Info.plist;
				LD_RUNPATH_SEARCH_PATHS = "$(inherited) @executable_path/Frameworks @loader_path/Frameworks";
				PRODUCT_BUNDLE_IDENTIFIER = ChongQingWuYeCao.NAVAnimationUITests;
				PRODUCT_NAME = "$(TARGET_NAME)";
				TEST_TARGET_NAME = NAVAnimation;
			};
			name = Release;
		};
/* End XCBuildConfiguration section */

/* Begin XCConfigurationList section */
		8CB07F141EE68C07005A430E /* Build configuration list for PBXProject "NAVAnimation" */ = {
			isa = XCConfigurationList;
			buildConfigurations = (
				8CB07F441EE68C07005A430E /* Debug */,
				8CB07F451EE68C07005A430E /* Release */,
			);
			defaultConfigurationIsVisible = 0;
			defaultConfigurationName = Release;
		};
		8CB07F461EE68C07005A430E /* Build configuration list for PBXNativeTarget "NAVAnimation" */ = {
			isa = XCConfigurationList;
			buildConfigurations = (
				8CB07F471EE68C07005A430E /* Debug */,
				8CB07F481EE68C07005A430E /* Release */,
			);
			defaultConfigurationIsVisible = 0;
			defaultConfigurationName = Release;
		};
		8CB07F491EE68C07005A430E /* Build configuration list for PBXNativeTarget "NAVAnimationTests" */ = {
			isa = XCConfigurationList;
			buildConfigurations = (
				8CB07F4A1EE68C07005A430E /* Debug */,
				8CB07F4B1EE68C07005A430E /* Release */,
			);
			defaultConfigurationIsVisible = 0;
			defaultConfigurationName = Release;
		};
		8CB07F4C1EE68C07005A430E /* Build configuration list for PBXNativeTarget "NAVAnimationUITests" */ = {
			isa = XCConfigurationList;
			buildConfigurations = (
				8CB07F4D1EE68C07005A430E /* Debug */,
				8CB07F4E1EE68C07005A430E /* Release */,
			);
			defaultConfigurationIsVisible = 0;
			defaultConfigurationName = Release;
		};
/* End XCConfigurationList section */
	};
	rootObject = 8CB07F111EE68C07005A430E /* Project object */;
}
